
Microsoft Visual Studio Solution File, Format Version 12.00
# Visual Studio Version 17
VisualStudioVersion = 17.6.33712.159
MinimumVisualStudioVersion = 10.0.40219.1
Project("{FAE04EC0-301F-11D3-BF4B-00C04F79EFBC}") = "WinForm Calculator", "WinForm Calculator\WinForm Calculator.csproj", "{60FFB453-13EF-4C52-9D05-CE21EEEAB1CB}"
EndProject
Global
	GlobalSection(SolutionConfigurationPlatforms) = preSolution
		Debug|Any CPU = Debug|Any CPU
		Release|Any CPU = Release|Any CPU
	EndGlobalSection
	GlobalSection(ProjectConfigurationPlatforms) = postSolution
		{60FFB453-13EF-4C52-9D05-CE21EEEAB1CB}.Debug|Any CPU.ActiveCfg = Debug|Any CPU
		{60FFB453-13EF-4C52-9D05-CE21EEEAB1CB}.Debug|Any CPU.Build.0 = Debug|Any CPU
		{60FFB453-13EF-4C52-9D05-CE21EEEAB1CB}.Release|Any CPU.ActiveCfg = Release|Any CPU
		{60FFB453-13EF-4C52-9D05-CE21EEEAB1CB}.Release|Any CPU.Build.0 = Release|Any CPU
	EndGlobalSection
	GlobalSection(SolutionProperties) = preSolution
		HideSolutionNode = FALSE
	EndGlobalSection
	GlobalSection(ExtensibilityGlobals) = postSolution
		SolutionGuid = {BBE86BF7-5EE4-4DF1-A0B9-B200940D9C67}
	EndGlobalSection
EndGlobal
