
Microsoft Visual Studio Solution File, Format Version 12.00
# Visual Studio Version 17
VisualStudioVersion = 17.6.33712.159
MinimumVisualStudioVersion = 10.0.40219.1
Project("{FAE04EC0-301F-11D3-BF4B-00C04F79EFBC}") = "WinForm To Do List", "WinForm To Do List\WinForm To Do List.csproj", "{FDE166AD-3DF0-4E86-BFB8-7B87250D9469}"
EndProject
Global
	GlobalSection(SolutionConfigurationPlatforms) = preSolution
		Debug|Any CPU = Debug|Any CPU
		Release|Any CPU = Release|Any CPU
	EndGlobalSection
	GlobalSection(ProjectConfigurationPlatforms) = postSolution
		{FDE166AD-3DF0-4E86-BFB8-7B87250D9469}.Debug|Any CPU.ActiveCfg = Debug|Any CPU
		{FDE166AD-3DF0-4E86-BFB8-7B87250D9469}.Debug|Any CPU.Build.0 = Debug|Any CPU
		{FDE166AD-3DF0-4E86-BFB8-7B87250D9469}.Release|Any CPU.ActiveCfg = Release|Any CPU
		{FDE166AD-3DF0-4E86-BFB8-7B87250D9469}.Release|Any CPU.Build.0 = Release|Any CPU
	EndGlobalSection
	GlobalSection(SolutionProperties) = preSolution
		HideSolutionNode = FALSE
	EndGlobalSection
	GlobalSection(ExtensibilityGlobals) = postSolution
		SolutionGuid = {446F89BD-5D80-4AE2-98D5-5F3CB5FCBF92}
	EndGlobalSection
EndGlobal
